
Microsoft Visual Studio Solution File, Format Version 12.00
# Visual Studio Version 17
VisualStudioVersion = 17.3.32929.385
MinimumVisualStudioVersion = 10.0.40219.1
Project("{FAE04EC0-301F-11D3-BF4B-00C04F79EFBC}") = "WinLoading", "WinLoading\WinLoading.csproj", "{83C279F8-36D7-4FEC-B00E-06A8B8185F43}"
EndProject
Global
	GlobalSection(SolutionConfigurationPlatforms) = preSolution
		Debug|Any CPU = Debug|Any CPU
		Release|Any CPU = Release|Any CPU
	EndGlobalSection
	GlobalSection(ProjectConfigurationPlatforms) = postSolution
		{83C279F8-36D7-4FEC-B00E-06A8B8185F43}.Debug|Any CPU.ActiveCfg = Debug|Any CPU
		{83C279F8-36D7-4FEC-B00E-06A8B8185F43}.Debug|Any CPU.Build.0 = Debug|Any CPU
		{83C279F8-36D7-4FEC-B00E-06A8B8185F43}.Release|Any CPU.ActiveCfg = Release|Any CPU
		{83C279F8-36D7-4FEC-B00E-06A8B8185F43}.Release|Any CPU.Build.0 = Release|Any CPU
	EndGlobalSection
	GlobalSection(SolutionProperties) = preSolution
		HideSolutionNode = FALSE
	EndGlobalSection
	GlobalSection(ExtensibilityGlobals) = postSolution
		SolutionGuid = {DE834299-E4FA-4B58-980B-77B1C3356360}
	EndGlobalSection
EndGlobal
